PODS:
  - Capacitor (7.4.2):
    - CapacitorCordova
  - CapacitorCordova (7.4.2)
  - PurchasesHybridCommon (16.2.0):
    - RevenueCat (= 5.34.0)
  - RevenueCat (5.34.0)
  - RevenuecatPurchasesCapacitor (11.1.1):
    - Capacitor
    - PurchasesHybridCommon (= 16.2.0)

DEPENDENCIES:
  - "Capacitor (from `../../node_modules/@capacitor/ios`)"
  - "CapacitorCordova (from `../../node_modules/@capacitor/ios`)"
  - "RevenuecatPurchasesCapacitor (from `../../node_modules/@revenuecat/purchases-capacitor`)"

SPEC REPOS:
  trunk:
    - PurchasesHybridCommon
    - RevenueCat

EXTERNAL SOURCES:
  Capacitor:
    :path: "../../node_modules/@capacitor/ios"
  CapacitorCordova:
    :path: "../../node_modules/@capacitor/ios"
  RevenuecatPurchasesCapacitor:
    :path: "../../node_modules/@revenuecat/purchases-capacitor"

SPEC CHECKSUMS:
  Capacitor: 9d9e481b79ffaeacaf7a85d6a11adec32bd33b59
  CapacitorCordova: 5e58d04631bc5094894ac106e2bf1da18a9e6151
  PurchasesHybridCommon: 55e97b4e090015ed138988e6559def2bd4c50ebe
  RevenueCat: eb2aa042789d9c99ad5172bd96e28b96286d6ada
  RevenuecatPurchasesCapacitor: 420b762736c2842bfb64436b7e0b88d2f672c943

PODFILE CHECKSUM: a82bbc87868a08444ae433fe0a742992edb639de

COCOAPODS: 1.16.2
